
Microsoft Visual Studio Solution File, Format Version 12.00
# Visual Studio 15
VisualStudioVersion = 15.0.28307.757
MinimumVisualStudioVersion = 10.0.40219.1
Project("{8BC9CEB8-8B4A-11D0-8D11-00A0C91BC942}") = "DBV_230921_V1", "DBV_230921_V1\DBV_230921_V1.vcxproj", "{CDF27019-A4B7-41A3-B3E5-70C5AAED5BB5}"
EndProject
Global
	GlobalSection(SolutionConfigurationPlatforms) = preSolution
		Debug|x64 = Debug|x64
		Debug|x86 = Debug|x86
		Release|x64 = Release|x64
		Release|x86 = Release|x86
	EndGlobalSection
	GlobalSection(ProjectConfigurationPlatforms) = postSolution
		{CDF27019-A4B7-41A3-B3E5-70C5AAED5BB5}.Debug|x64.ActiveCfg = Debug|x64
		{CDF27019-A4B7-41A3-B3E5-70C5AAED5BB5}.Debug|x64.Build.0 = Debug|x64
		{CDF27019-A4B7-41A3-B3E5-70C5AAED5BB5}.Debug|x86.ActiveCfg = Debug|Win32
		{CDF27019-A4B7-41A3-B3E5-70C5AAED5BB5}.Debug|x86.Build.0 = Debug|Win32
		{CDF27019-A4B7-41A3-B3E5-70C5AAED5BB5}.Release|x64.ActiveCfg = Release|x64
		{CDF27019-A4B7-41A3-B3E5-70C5AAED5BB5}.Release|x64.Build.0 = Release|x64
		{CDF27019-A4B7-41A3-B3E5-70C5AAED5BB5}.Release|x86.ActiveCfg = Release|Win32
		{CDF27019-A4B7-41A3-B3E5-70C5AAED5BB5}.Release|x86.Build.0 = Release|Win32
	EndGlobalSection
	GlobalSection(SolutionProperties) = preSolution
		HideSolutionNode = FALSE
	EndGlobalSection
	GlobalSection(ExtensibilityGlobals) = postSolution
		SolutionGuid = {DFB40819-DE89-4AAF-A038-A3F94B7A787B}
	EndGlobalSection
EndGlobal
